
Microsoft Visual Studio Solution File, Format Version 12.00
# Visual Studio 15
VisualStudioVersion = 15.0.28307.168
MinimumVisualStudioVersion = 10.0.40219.1
Project("{8BC9CEB8-8B4A-11D0-8D11-00A0C91BC942}") = "CSpectPlugins", "CSpectPlugins\CSpectPlugins.vcxproj", "{17DDFA1E-E738-4CF2-9C66-4A957B648C7C}"
EndProject
Project("{FAE04EC0-301F-11D3-BF4B-00C04F79EFBC}") = "CopperDissassembler", "..\CopperDissassembler\CopperDissassembler.csproj", "{93D54582-277E-4ACA-A6AB-9CADF5BA1886}"
EndProject
Project("{FAE04EC0-301F-11D3-BF4B-00C04F79EFBC}") = "esxDOS", "..\esxDOS\esxDOS.csproj", "{B93CBDD5-A736-43A5-BBE4-4F0CD9BC5993}"
EndProject
Project("{FAE04EC0-301F-11D3-BF4B-00C04F79EFBC}") = "i2C_Sample", "..\i2C_Sample\i2C_Sample.csproj", "{3DB0374D-FB7D-4EB7-990A-2BA559A7E1FF}"
EndProject
Project("{FAE04EC0-301F-11D3-BF4B-00C04F79EFBC}") = "Plugin", "..\Plugin\Plugin.csproj", "{192437A5-3030-4606-BB5A-2C86ECE66AEF}"
EndProject
Project("{FAE04EC0-301F-11D3-BF4B-00C04F79EFBC}") = "DeZogPlugin", "..\DeZogPlugin\DeZogPlugin.csproj", "{F3321E74-8A1E-4F76-AAE5-D1971FBFA011}"
EndProject
Project("{FAE04EC0-301F-11D3-BF4B-00C04F79EFBC}") = "NextRegisterViewer", "..\NextRegisterViewer\NextRegisterViewer.csproj", "{0B9A399E-0D22-4A47-BF68-A8EC364BE796}"
EndProject
Project("{FAE04EC0-301F-11D3-BF4B-00C04F79EFBC}") = "Profiler", "..\Profiler\Profiler.csproj", "{1DAE17D0-F293-429C-9BC8-061D55A8F746}"
EndProject
Project("{FAE04EC0-301F-11D3-BF4B-00C04F79EFBC}") = "FileAssociate", "..\FileAssociate\FileAssociate.csproj", "{7FBC889D-403D-4477-998B-A1E51455D6DE}"
EndProject
Project("{FAE04EC0-301F-11D3-BF4B-00C04F79EFBC}") = "ay8912", "..\ay8912\ay8912.csproj", "{C352CBBD-3F14-4645-A464-B35B5E3A2F37}"
EndProject
Global
	GlobalSection(SolutionConfigurationPlatforms) = preSolution
		Debug|Any CPU = Debug|Any CPU
		Debug|x64 = Debug|x64
		Debug|x86 = Debug|x86
		Release|Any CPU = Release|Any CPU
		Release|x64 = Release|x64
		Release|x86 = Release|x86
	EndGlobalSection
	GlobalSection(ProjectConfigurationPlatforms) = postSolution
		{17DDFA1E-E738-4CF2-9C66-4A957B648C7C}.Debug|Any CPU.ActiveCfg = Debug|Win32
		{17DDFA1E-E738-4CF2-9C66-4A957B648C7C}.Debug|x64.ActiveCfg = Debug|x64
		{17DDFA1E-E738-4CF2-9C66-4A957B648C7C}.Debug|x64.Build.0 = Debug|x64
		{17DDFA1E-E738-4CF2-9C66-4A957B648C7C}.Debug|x86.ActiveCfg = Debug|Win32
		{17DDFA1E-E738-4CF2-9C66-4A957B648C7C}.Debug|x86.Build.0 = Debug|Win32
		{17DDFA1E-E738-4CF2-9C66-4A957B648C7C}.Release|Any CPU.ActiveCfg = Release|Win32
		{17DDFA1E-E738-4CF2-9C66-4A957B648C7C}.Release|x64.ActiveCfg = Release|x64
		{17DDFA1E-E738-4CF2-9C66-4A957B648C7C}.Release|x64.Build.0 = Release|x64
		{17DDFA1E-E738-4CF2-9C66-4A957B648C7C}.Release|x86.ActiveCfg = Release|Win32
		{17DDFA1E-E738-4CF2-9C66-4A957B648C7C}.Release|x86.Build.0 = Release|Win32
		{93D54582-277E-4ACA-A6AB-9CADF5BA1886}.Debug|Any CPU.ActiveCfg = Debug|Any CPU
		{93D54582-277E-4ACA-A6AB-9CADF5BA1886}.Debug|Any CPU.Build.0 = Debug|Any CPU
		{93D54582-277E-4ACA-A6AB-9CADF5BA1886}.Debug|x64.ActiveCfg = Debug|Any CPU
		{93D54582-277E-4ACA-A6AB-9CADF5BA1886}.Debug|x64.Build.0 = Debug|Any CPU
		{93D54582-277E-4ACA-A6AB-9CADF5BA1886}.Debug|x86.ActiveCfg = Debug|Any CPU
		{93D54582-277E-4ACA-A6AB-9CADF5BA1886}.Debug|x86.Build.0 = Debug|Any CPU
		{93D54582-277E-4ACA-A6AB-9CADF5BA1886}.Release|Any CPU.ActiveCfg = Release|Any CPU
		{93D54582-277E-4ACA-A6AB-9CADF5BA1886}.Release|Any CPU.Build.0 = Release|Any CPU
		{93D54582-277E-4ACA-A6AB-9CADF5BA1886}.Release|x64.ActiveCfg = Release|Any CPU
		{93D54582-277E-4ACA-A6AB-9CADF5BA1886}.Release|x64.Build.0 = Release|Any CPU
		{93D54582-277E-4ACA-A6AB-9CADF5BA1886}.Release|x86.ActiveCfg = Release|Any CPU
		{93D54582-277E-4ACA-A6AB-9CADF5BA1886}.Release|x86.Build.0 = Release|Any CPU
		{B93CBDD5-A736-43A5-BBE4-4F0CD9BC5993}.Debug|Any CPU.ActiveCfg = Debug|Any CPU
		{B93CBDD5-A736-43A5-BBE4-4F0CD9BC5993}.Debug|Any CPU.Build.0 = Debug|Any CPU
		{B93CBDD5-A736-43A5-BBE4-4F0CD9BC5993}.Debug|x64.ActiveCfg = Debug|Any CPU
		{B93CBDD5-A736-43A5-BBE4-4F0CD9BC5993}.Debug|x64.Build.0 = Debug|Any CPU
		{B93CBDD5-A736-43A5-BBE4-4F0CD9BC5993}.Debug|x86.ActiveCfg = Debug|Any CPU
		{B93CBDD5-A736-43A5-BBE4-4F0CD9BC5993}.Debug|x86.Build.0 = Debug|Any CPU
		{B93CBDD5-A736-43A5-BBE4-4F0CD9BC5993}.Release|Any CPU.ActiveCfg = Release|Any CPU
		{B93CBDD5-A736-43A5-BBE4-4F0CD9BC5993}.Release|Any CPU.Build.0 = Release|Any CPU
		{B93CBDD5-A736-43A5-BBE4-4F0CD9BC5993}.Release|x64.ActiveCfg = Release|Any CPU
		{B93CBDD5-A736-43A5-BBE4-4F0CD9BC5993}.Release|x64.Build.0 = Release|Any CPU
		{B93CBDD5-A736-43A5-BBE4-4F0CD9BC5993}.Release|x86.ActiveCfg = Release|Any CPU
		{B93CBDD5-A736-43A5-BBE4-4F0CD9BC5993}.Release|x86.Build.0 = Release|Any CPU
		{3DB0374D-FB7D-4EB7-990A-2BA559A7E1FF}.Debug|Any CPU.ActiveCfg = Debug|Any CPU
		{3DB0374D-FB7D-4EB7-990A-2BA559A7E1FF}.Debug|Any CPU.Build.0 = Debug|Any CPU
		{3DB0374D-FB7D-4EB7-990A-2BA559A7E1FF}.Debug|x64.ActiveCfg = Debug|Any CPU
		{3DB0374D-FB7D-4EB7-990A-2BA559A7E1FF}.Debug|x64.Build.0 = Debug|Any CPU
		{3DB0374D-FB7D-4EB7-990A-2BA559A7E1FF}.Debug|x86.ActiveCfg = Debug|Any CPU
		{3DB0374D-FB7D-4EB7-990A-2BA559A7E1FF}.Debug|x86.Build.0 = Debug|Any CPU
		{3DB0374D-FB7D-4EB7-990A-2BA559A7E1FF}.Release|Any CPU.ActiveCfg = Release|Any CPU
		{3DB0374D-FB7D-4EB7-990A-2BA559A7E1FF}.Release|Any CPU.Build.0 = Release|Any CPU
		{3DB0374D-FB7D-4EB7-990A-2BA559A7E1FF}.Release|x64.ActiveCfg = Release|Any CPU
		{3DB0374D-FB7D-4EB7-990A-2BA559A7E1FF}.Release|x64.Build.0 = Release|Any CPU
		{3DB0374D-FB7D-4EB7-990A-2BA559A7E1FF}.Release|x86.ActiveCfg = Release|Any CPU
		{3DB0374D-FB7D-4EB7-990A-2BA559A7E1FF}.Release|x86.Build.0 = Release|Any CPU
		{192437A5-3030-4606-BB5A-2C86ECE66AEF}.Debug|Any CPU.ActiveCfg = Debug|Any CPU
		{192437A5-3030-4606-BB5A-2C86ECE66AEF}.Debug|Any CPU.Build.0 = Debug|Any CPU
		{192437A5-3030-4606-BB5A-2C86ECE66AEF}.Debug|x64.ActiveCfg = Debug|Any CPU
		{192437A5-3030-4606-BB5A-2C86ECE66AEF}.Debug|x64.Build.0 = Debug|Any CPU
		{192437A5-3030-4606-BB5A-2C86ECE66AEF}.Debug|x86.ActiveCfg = Debug|Any CPU
		{192437A5-3030-4606-BB5A-2C86ECE66AEF}.Debug|x86.Build.0 = Debug|Any CPU
		{192437A5-3030-4606-BB5A-2C86ECE66AEF}.Release|Any CPU.ActiveCfg = Release|Any CPU
		{192437A5-3030-4606-BB5A-2C86ECE66AEF}.Release|Any CPU.Build.0 = Release|Any CPU
		{192437A5-3030-4606-BB5A-2C86ECE66AEF}.Release|x64.ActiveCfg = Release|Any CPU
		{192437A5-3030-4606-BB5A-2C86ECE66AEF}.Release|x64.Build.0 = Release|Any CPU
		{192437A5-3030-4606-BB5A-2C86ECE66AEF}.Release|x86.ActiveCfg = Release|Any CPU
		{192437A5-3030-4606-BB5A-2C86ECE66AEF}.Release|x86.Build.0 = Release|Any CPU
		{F3321E74-8A1E-4F76-AAE5-D1971FBFA011}.Debug|Any CPU.ActiveCfg = Debug|Any CPU
		{F3321E74-8A1E-4F76-AAE5-D1971FBFA011}.Debug|Any CPU.Build.0 = Debug|Any CPU
		{F3321E74-8A1E-4F76-AAE5-D1971FBFA011}.Debug|x64.ActiveCfg = Debug|Any CPU
		{F3321E74-8A1E-4F76-AAE5-D1971FBFA011}.Debug|x64.Build.0 = Debug|Any CPU
		{F3321E74-8A1E-4F76-AAE5-D1971FBFA011}.Debug|x86.ActiveCfg = Debug|Any CPU
		{F3321E74-8A1E-4F76-AAE5-D1971FBFA011}.Debug|x86.Build.0 = Debug|Any CPU
		{F3321E74-8A1E-4F76-AAE5-D1971FBFA011}.Release|Any CPU.ActiveCfg = Release|Any CPU
		{F3321E74-8A1E-4F76-AAE5-D1971FBFA011}.Release|Any CPU.Build.0 = Release|Any CPU
		{F3321E74-8A1E-4F76-AAE5-D1971FBFA011}.Release|x64.ActiveCfg = Release|Any CPU
		{F3321E74-8A1E-4F76-AAE5-D1971FBFA011}.Release|x64.Build.0 = Release|Any CPU
		{F3321E74-8A1E-4F76-AAE5-D1971FBFA011}.Release|x86.ActiveCfg = Release|Any CPU
		{F3321E74-8A1E-4F76-AAE5-D1971FBFA011}.Release|x86.Build.0 = Release|Any CPU
		{0B9A399E-0D22-4A47-BF68-A8EC364BE796}.Debug|Any CPU.ActiveCfg = Debug|Any CPU
		{0B9A399E-0D22-4A47-BF68-A8EC364BE796}.Debug|Any CPU.Build.0 = Debug|Any CPU
		{0B9A399E-0D22-4A47-BF68-A8EC364BE796}.Debug|x64.ActiveCfg = Debug|Any CPU
		{0B9A399E-0D22-4A47-BF68-A8EC364BE796}.Debug|x64.Build.0 = Debug|Any CPU
		{0B9A399E-0D22-4A47-BF68-A8EC364BE796}.Debug|x86.ActiveCfg = Debug|Any CPU
		{0B9A399E-0D22-4A47-BF68-A8EC364BE796}.Debug|x86.Build.0 = Debug|Any CPU
		{0B9A399E-0D22-4A47-BF68-A8EC364BE796}.Release|Any CPU.ActiveCfg = Release|Any CPU
		{0B9A399E-0D22-4A47-BF68-A8EC364BE796}.Release|Any CPU.Build.0 = Release|Any CPU
		{0B9A399E-0D22-4A47-BF68-A8EC364BE796}.Release|x64.ActiveCfg = Release|Any CPU
		{0B9A399E-0D22-4A47-BF68-A8EC364BE796}.Release|x64.Build.0 = Release|Any CPU
		{0B9A399E-0D22-4A47-BF68-A8EC364BE796}.Release|x86.ActiveCfg = Release|Any CPU
		{0B9A399E-0D22-4A47-BF68-A8EC364BE796}.Release|x86.Build.0 = Release|Any CPU
		{1DAE17D0-F293-429C-9BC8-061D55A8F746}.Debug|Any CPU.ActiveCfg = Debug|Any CPU
		{1DAE17D0-F293-429C-9BC8-061D55A8F746}.Debug|Any CPU.Build.0 = Debug|Any CPU
		{1DAE17D0-F293-429C-9BC8-061D55A8F746}.Debug|x64.ActiveCfg = Debug|Any CPU
		{1DAE17D0-F293-429C-9BC8-061D55A8F746}.Debug|x64.Build.0 = Debug|Any CPU
		{1DAE17D0-F293-429C-9BC8-061D55A8F746}.Debug|x86.ActiveCfg = Debug|Any CPU
		{1DAE17D0-F293-429C-9BC8-061D55A8F746}.Debug|x86.Build.0 = Debug|Any CPU
		{1DAE17D0-F293-429C-9BC8-061D55A8F746}.Release|Any CPU.ActiveCfg = Release|Any CPU
		{1DAE17D0-F293-429C-9BC8-061D55A8F746}.Release|Any CPU.Build.0 = Release|Any CPU
		{1DAE17D0-F293-429C-9BC8-061D55A8F746}.Release|x64.ActiveCfg = Release|Any CPU
		{1DAE17D0-F293-429C-9BC8-061D55A8F746}.Release|x64.Build.0 = Release|Any CPU
		{1DAE17D0-F293-429C-9BC8-061D55A8F746}.Release|x86.ActiveCfg = Release|Any CPU
		{1DAE17D0-F293-429C-9BC8-061D55A8F746}.Release|x86.Build.0 = Release|Any CPU
		{7FBC889D-403D-4477-998B-A1E51455D6DE}.Debug|Any CPU.ActiveCfg = Debug|Any CPU
		{7FBC889D-403D-4477-998B-A1E51455D6DE}.Debug|Any CPU.Build.0 = Debug|Any CPU
		{7FBC889D-403D-4477-998B-A1E51455D6DE}.Debug|x64.ActiveCfg = Debug|Any CPU
		{7FBC889D-403D-4477-998B-A1E51455D6DE}.Debug|x64.Build.0 = Debug|Any CPU
		{7FBC889D-403D-4477-998B-A1E51455D6DE}.Debug|x86.ActiveCfg = Debug|Any CPU
		{7FBC889D-403D-4477-998B-A1E51455D6DE}.Debug|x86.Build.0 = Debug|Any CPU
		{7FBC889D-403D-4477-998B-A1E51455D6DE}.Release|Any CPU.ActiveCfg = Release|Any CPU
		{7FBC889D-403D-4477-998B-A1E51455D6DE}.Release|Any CPU.Build.0 = Release|Any CPU
		{7FBC889D-403D-4477-998B-A1E51455D6DE}.Release|x64.ActiveCfg = Release|Any CPU
		{7FBC889D-403D-4477-998B-A1E51455D6DE}.Release|x64.Build.0 = Release|Any CPU
		{7FBC889D-403D-4477-998B-A1E51455D6DE}.Release|x86.ActiveCfg = Release|Any CPU
		{7FBC889D-403D-4477-998B-A1E51455D6DE}.Release|x86.Build.0 = Release|Any CPU
		{C352CBBD-3F14-4645-A464-B35B5E3A2F37}.Debug|Any CPU.ActiveCfg = Debug|Any CPU
		{C352CBBD-3F14-4645-A464-B35B5E3A2F37}.Debug|Any CPU.Build.0 = Debug|Any CPU
		{C352CBBD-3F14-4645-A464-B35B5E3A2F37}.Debug|x64.ActiveCfg = Debug|Any CPU
		{C352CBBD-3F14-4645-A464-B35B5E3A2F37}.Debug|x64.Build.0 = Debug|Any CPU
		{C352CBBD-3F14-4645-A464-B35B5E3A2F37}.Debug|x86.ActiveCfg = Debug|Any CPU
		{C352CBBD-3F14-4645-A464-B35B5E3A2F37}.Debug|x86.Build.0 = Debug|Any CPU
		{C352CBBD-3F14-4645-A464-B35B5E3A2F37}.Release|Any CPU.ActiveCfg = Release|Any CPU
		{C352CBBD-3F14-4645-A464-B35B5E3A2F37}.Release|Any CPU.Build.0 = Release|Any CPU
		{C352CBBD-3F14-4645-A464-B35B5E3A2F37}.Release|x64.ActiveCfg = Release|Any CPU
		{C352CBBD-3F14-4645-A464-B35B5E3A2F37}.Release|x64.Build.0 = Release|Any CPU
		{C352CBBD-3F14-4645-A464-B35B5E3A2F37}.Release|x86.ActiveCfg = Release|Any CPU
		{C352CBBD-3F14-4645-A464-B35B5E3A2F37}.Release|x86.Build.0 = Release|Any CPU
	EndGlobalSection
	GlobalSection(SolutionProperties) = preSolution
		HideSolutionNode = FALSE
	EndGlobalSection
	GlobalSection(ExtensibilityGlobals) = postSolution
		SolutionGuid = {D546E5D6-D00B-4F28-8659-853530A27B00}
	EndGlobalSection
EndGlobal
