Microsoft Visual Studio Solution File, Format Version 12.00
# Visual Studio 15
VisualStudioVersion = 15.0.28307.168
MinimumVisualStudioVersion = 10.0.40219.1
Project("{FAE04EC0-301F-11D3-BF4B-00C04F79EFBC}") = "DeZogPlugin", "DeZogPlugin.csproj", "{3DB0374D-FB7D-4EB7-990A-2BA559A7E1FF}"
EndProject
Global
	GlobalSection(SolutionConfigurationPlatforms) = preSolution
		Debug|Any CPU = Debug|Any CPU
		Release|Any CPU = Release|Any CPU
	EndGlobalSection
	GlobalSection(ProjectConfigurationPlatforms) = postSolution
		{3DB0374D-FB7D-4EB7-990A-2BA559A7E1FF}.Debug|Any CPU.ActiveCfg = Debug|Any CPU
		{3DB0374D-FB7D-4EB7-990A-2BA559A7E1FF}.Debug|Any CPU.Build.0 = Debug|Any CPU
		{3DB0374D-FB7D-4EB7-990A-2BA559A7E1FF}.Release|Any CPU.ActiveCfg = Release|Any CPU
		{3DB0374D-FB7D-4EB7-990A-2BA559A7E1FF}.Release|Any CPU.Build.0 = Release|Any CPU
	EndGlobalSection
	GlobalSection(SolutionProperties) = preSolution
		HideSolutionNode = FALSE
	EndGlobalSection
	GlobalSection(ExtensibilityGlobals) = postSolution
		SolutionGuid = {7960BD7C-01EA-4FA1-A26A-1AC82558371F}
	EndGlobalSection
EndGlobal
